// !$*UTF8*$!
{
	archiveVersion = 1;
	classes = {
	};
	objectVersion = 50;
	objects = {

/* Begin PBXBuildFile section */
		61D99EC022CE26C0006DD76B /* AppDelegate.m in Sources */ = {isa = PBXBuildFile; fileRef = 61D99EBF22CE26C0006DD76B /* AppDelegate.m */; };
		61D99EC322CE26C0006DD76B /* ViewController.m in Sources */ = {isa = PBXBuildFile; fileRef = 61D99EC222CE26C0006DD76B /* ViewController.m */; };
		61D99EC622CE26C0006DD76B /* Main.storyboard in Resources */ = {isa = PBXBuildFile; fileRef = 61D99EC422CE26C0006DD76B /* Main.storyboard */; };
		61D99EC822CE26C1006DD76B /* Assets.xcassets in Resources */ = {isa = PBXBuildFile; fileRef = 61D99EC722CE26C1006DD76B /* Assets.xcassets */; };
		61D99ECB22CE26C1006DD76B /* LaunchScreen.storyboard in Resources */ = {isa = PBXBuildFile; fileRef = 61D99EC922CE26C1006DD76B /* LaunchScreen.storyboard */; };
		61D99ECE22CE26C1006DD76B /* main.m in Sources */ = {isa = PBXBuildFile; fileRef = 61D99ECD22CE26C1006DD76B /* main.m */; };
		61D99ED822CE26C1006DD76B /* CYLocalizationTests.m in Sources */ = {isa = PBXBuildFile; fileRef = 61D99ED722CE26C1006DD76B /* CYLocalizationTests.m */; };
		61D99EE322CE26C1006DD76B /* CYLocalizationUITests.m in Sources */ = {isa = PBXBuildFile; fileRef = 61D99EE222CE26C1006DD76B /* CYLocalizationUITests.m */; };
		61D99EFA22CE27DC006DD76B /* InfoPlist.strings in Resources */ = {isa = PBXBuildFile; fileRef = 61D99EFC22CE27DC006DD76B /* InfoPlist.strings */; };
		61D99F0122CE30EC006DD76B /* Localizable.strings in Resources */ = {isa = PBXBuildFile; fileRef = 61D99F0322CE30EC006DD76B /* Localizable.strings */; };
		61D99F0922CE3164006DD76B /* 中国.png in Resources */ = {isa = PBXBuildFile; fileRef = 61D99F0622CE3164006DD76B /* 中国.png */; };
		61D99F0A22CE3164006DD76B /* 日本.png in Resources */ = {isa = PBXBuildFile; fileRef = 61D99F0722CE3164006DD76B /* 日本.png */; };
		61D99F0B22CE3164006DD76B /* 英国.png in Resources */ = {isa = PBXBuildFile; fileRef = 61D99F0822CE3164006DD76B /* 英国.png */; };
/* End PBXBuildFile section */

/* Begin PBXContainerItemProxy section */
		61D99ED422CE26C1006DD76B /* PBXContainerItemProxy */ = {
			isa = PBXContainerItemProxy;
			containerPortal = 61D99EB322CE26C0006DD76B /* Project object */;
			proxyType = 1;
			remoteGlobalIDString = 61D99EBA22CE26C0006DD76B;
			remoteInfo = CYLocalization;
		};
		61D99EDF22CE26C1006DD76B /* PBXContainerItemProxy */ = {
			isa = PBXContainerItemProxy;
			containerPortal = 61D99EB322CE26C0006DD76B /* Project object */;
			proxyType = 1;
			remoteGlobalIDString = 61D99EBA22CE26C0006DD76B;
			remoteInfo = CYLocalization;
		};
/* End PBXContainerItemProxy section */

/* Begin PBXFileReference section */
		61D99EBB22CE26C0006DD76B /* CYLocalization.app */ = {isa = PBXFileReference; explicitFileType = wrapper.application; includeInIndex = 0; path = CYLocalization.app; sourceTree = BUILT_PRODUCTS_DIR; };
		61D99EBE22CE26C0006DD76B /* AppDelegate.h */ = {isa = PBXFileReference; lastKnownFileType = sourcecode.c.h; path = AppDelegate.h; sourceTree = "<group>"; };
		61D99EBF22CE26C0006DD76B /* AppDelegate.m */ = {isa = PBXFileReference; lastKnownFileType = sourcecode.c.objc; path = AppDelegate.m; sourceTree = "<group>"; };
		61D99EC122CE26C0006DD76B /* ViewController.h */ = {isa = PBXFileReference; lastKnownFileType = sourcecode.c.h; path = ViewController.h; sourceTree = "<group>"; };
		61D99EC222CE26C0006DD76B /* ViewController.m */ = {isa = PBXFileReference; lastKnownFileType = sourcecode.c.objc; path = ViewController.m; sourceTree = "<group>"; };
		61D99EC522CE26C0006DD76B /* Base */ = {isa = PBXFileReference; lastKnownFileType = file.storyboard; name = Base; path = Base.lproj/Main.storyboard; sourceTree = "<group>"; };
		61D99EC722CE26C1006DD76B /* Assets.xcassets */ = {isa = PBXFileReference; lastKnownFileType = folder.assetcatalog; path = Assets.xcassets; sourceTree = "<group>"; };
		61D99ECA22CE26C1006DD76B /* Base */ = {isa = PBXFileReference; lastKnownFileType = file.storyboard; name = Base; path = Base.lproj/LaunchScreen.storyboard; sourceTree = "<group>"; };
		61D99ECC22CE26C1006DD76B /* Info.plist */ = {isa = PBXFileReference; lastKnownFileType = text.plist.xml; path = Info.plist; sourceTree = "<group>"; };
		61D99ECD22CE26C1006DD76B /* main.m */ = {isa = PBXFileReference; lastKnownFileType = sourcecode.c.objc; path = main.m; sourceTree = "<group>"; };
		61D99ED322CE26C1006DD76B /* CYLocalizationTests.xctest */ = {isa = PBXFileReference; explicitFileType = wrapper.cfbundle; includeInIndex = 0; path = CYLocalizationTests.xctest; sourceTree = BUILT_PRODUCTS_DIR; };
		61D99ED722CE26C1006DD76B /* CYLocalizationTests.m */ = {isa = PBXFileReference; lastKnownFileType = sourcecode.c.objc; path = CYLocalizationTests.m; sourceTree = "<group>"; };
		61D99ED922CE26C1006DD76B /* Info.plist */ = {isa = PBXFileReference; lastKnownFileType = text.plist.xml; path = Info.plist; sourceTree = "<group>"; };
		61D99EDE22CE26C1006DD76B /* CYLocalizationUITests.xctest */ = {isa = PBXFileReference; explicitFileType = wrapper.cfbundle; includeInIndex = 0; path = CYLocalizationUITests.xctest; sourceTree = BUILT_PRODUCTS_DIR; };
		61D99EE222CE26C1006DD76B /* CYLocalizationUITests.m */ = {isa = PBXFileReference; lastKnownFileType = sourcecode.c.objc; path = CYLocalizationUITests.m; sourceTree = "<group>"; };
		61D99EE422CE26C1006DD76B /* Info.plist */ = {isa = PBXFileReference; lastKnownFileType = text.plist.xml; path = Info.plist; sourceTree = "<group>"; };
		61D99EF422CE2750006DD76B /* zh-Hans */ = {isa = PBXFileReference; lastKnownFileType = text.plist.strings; name = "zh-Hans"; path = "zh-Hans.lproj/Main.strings"; sourceTree = "<group>"; };
		61D99EF522CE2750006DD76B /* zh-Hans */ = {isa = PBXFileReference; lastKnownFileType = text.plist.strings; name = "zh-Hans"; path = "zh-Hans.lproj/LaunchScreen.strings"; sourceTree = "<group>"; };
		61D99EF622CE2757006DD76B /* ja */ = {isa = PBXFileReference; lastKnownFileType = text.plist.strings; name = ja; path = ja.lproj/Main.strings; sourceTree = "<group>"; };
		61D99EF722CE2757006DD76B /* ja */ = {isa = PBXFileReference; lastKnownFileType = text.plist.strings; name = ja; path = ja.lproj/LaunchScreen.strings; sourceTree = "<group>"; };
		61D99EFB22CE27DC006DD76B /* zh-Hans */ = {isa = PBXFileReference; lastKnownFileType = text.plist.strings; name = "zh-Hans"; path = "zh-Hans.lproj/InfoPlist.strings"; sourceTree = "<group>"; };
		61D99EFD22CE27ED006DD76B /* en */ = {isa = PBXFileReference; lastKnownFileType = text.plist.strings; name = en; path = en.lproj/InfoPlist.strings; sourceTree = "<group>"; };
		61D99EFE22CE27F0006DD76B /* ja */ = {isa = PBXFileReference; lastKnownFileType = text.plist.strings; name = ja; path = ja.lproj/InfoPlist.strings; sourceTree = "<group>"; };
		61D99F0222CE30EC006DD76B /* en */ = {isa = PBXFileReference; lastKnownFileType = text.plist.strings; name = en; path = en.lproj/Localizable.strings; sourceTree = "<group>"; };
		61D99F0422CE30EF006DD76B /* zh-Hans */ = {isa = PBXFileReference; lastKnownFileType = text.plist.strings; name = "zh-Hans"; path = "zh-Hans.lproj/Localizable.strings"; sourceTree = "<group>"; };
		61D99F0522CE30F2006DD76B /* ja */ = {isa = PBXFileReference; lastKnownFileType = text.plist.strings; name = ja; path = ja.lproj/Localizable.strings; sourceTree = "<group>"; };
		61D99F0622CE3164006DD76B /* 中国.png */ = {isa = PBXFileReference; lastKnownFileType = image.png; path = "中国.png"; sourceTree = "<group>"; };
		61D99F0722CE3164006DD76B /* 日本.png */ = {isa = PBXFileReference; lastKnownFileType = image.png; path = "日本.png"; sourceTree = "<group>"; };
		61D99F0822CE3164006DD76B /* 英国.png */ = {isa = PBXFileReference; lastKnownFileType = image.png; path = "英国.png"; sourceTree = "<group>"; };
/* End PBXFileReference section */

/* Begin PBXFrameworksBuildPhase section */
		61D99EB822CE26C0006DD76B /* Frameworks */ = {
			isa = PBXFrameworksBuildPhase;
			buildActionMask = 2147483647;
			files = (
			);
			runOnlyForDeploymentPostprocessing = 0;
		};
		61D99ED022CE26C1006DD76B /* Frameworks */ = {
			isa = PBXFrameworksBuildPhase;
			buildActionMask = 2147483647;
			files = (
			);
			runOnlyForDeploymentPostprocessing = 0;
		};
		61D99EDB22CE26C1006DD76B /* Frameworks */ = {
			isa = PBXFrameworksBuildPhase;
			buildActionMask = 2147483647;
			files = (
			);
			runOnlyForDeploymentPostprocessing = 0;
		};
/* End PBXFrameworksBuildPhase section */

/* Begin PBXGroup section */
		61D99EB222CE26C0006DD76B = {
			isa = PBXGroup;
			children = (
				61D99EBD22CE26C0006DD76B /* CYLocalization */,
				61D99ED622CE26C1006DD76B /* CYLocalizationTests */,
				61D99EE122CE26C1006DD76B /* CYLocalizationUITests */,
				61D99EBC22CE26C0006DD76B /* Products */,
			);
			sourceTree = "<group>";
		};
		61D99EBC22CE26C0006DD76B /* Products */ = {
			isa = PBXGroup;
			children = (
				61D99EBB22CE26C0006DD76B /* CYLocalization.app */,
				61D99ED322CE26C1006DD76B /* CYLocalizationTests.xctest */,
				61D99EDE22CE26C1006DD76B /* CYLocalizationUITests.xctest */,
			);
			name = Products;
			sourceTree = "<group>";
		};
		61D99EBD22CE26C0006DD76B /* CYLocalization */ = {
			isa = PBXGroup;
			children = (
				61D99EBE22CE26C0006DD76B /* AppDelegate.h */,
				61D99EBF22CE26C0006DD76B /* AppDelegate.m */,
				61D99EC122CE26C0006DD76B /* ViewController.h */,
				61D99EC222CE26C0006DD76B /* ViewController.m */,
				61D99F0722CE3164006DD76B /* 日本.png */,
				61D99F0822CE3164006DD76B /* 英国.png */,
				61D99F0622CE3164006DD76B /* 中国.png */,
				61D99EC422CE26C0006DD76B /* Main.storyboard */,
				61D99EC722CE26C1006DD76B /* Assets.xcassets */,
				61D99EC922CE26C1006DD76B /* LaunchScreen.storyboard */,
				61D99ECC22CE26C1006DD76B /* Info.plist */,
				61D99ECD22CE26C1006DD76B /* main.m */,
				61D99EFC22CE27DC006DD76B /* InfoPlist.strings */,
				61D99F0322CE30EC006DD76B /* Localizable.strings */,
			);
			path = CYLocalization;
			sourceTree = "<group>";
		};
		61D99ED622CE26C1006DD76B /* CYLocalizationTests */ = {
			isa = PBXGroup;
			children = (
				61D99ED722CE26C1006DD76B /* CYLocalizationTests.m */,
				61D99ED922CE26C1006DD76B /* Info.plist */,
			);
			path = CYLocalizationTests;
			sourceTree = "<group>";
		};
		61D99EE122CE26C1006DD76B /* CYLocalizationUITests */ = {
			isa = PBXGroup;
			children = (
				61D99EE222CE26C1006DD76B /* CYLocalizationUITests.m */,
				61D99EE422CE26C1006DD76B /* Info.plist */,
			);
			path = CYLocalizationUITests;
			sourceTree = "<group>";
		};
/* End PBXGroup section */

/* Begin PBXNativeTarget section */
		61D99EBA22CE26C0006DD76B /* CYLocalization */ = {
			isa = PBXNativeTarget;
			buildConfigurationList = 61D99EE722CE26C1006DD76B /* Build configuration list for PBXNativeTarget "CYLocalization" */;
			buildPhases = (
				61D99EB722CE26C0006DD76B /* Sources */,
				61D99EB822CE26C0006DD76B /* Frameworks */,
				61D99EB922CE26C0006DD76B /* Resources */,
			);
			buildRules = (
			);
			dependencies = (
			);
			name = CYLocalization;
			productName = CYLocalization;
			productReference = 61D99EBB22CE26C0006DD76B /* CYLocalization.app */;
			productType = "com.apple.product-type.application";
		};
		61D99ED222CE26C1006DD76B /* CYLocalizationTests */ = {
			isa = PBXNativeTarget;
			buildConfigurationList = 61D99EEA22CE26C1006DD76B /* Build configuration list for PBXNativeTarget "CYLocalizationTests" */;
			buildPhases = (
				61D99ECF22CE26C1006DD76B /* Sources */,
				61D99ED022CE26C1006DD76B /* Frameworks */,
				61D99ED122CE26C1006DD76B /* Resources */,
			);
			buildRules = (
			);
			dependencies = (
				61D99ED522CE26C1006DD76B /* PBXTargetDependency */,
			);
			name = CYLocalizationTests;
			productName = CYLocalizationTests;
			productReference = 61D99ED322CE26C1006DD76B /* CYLocalizationTests.xctest */;
			productType = "com.apple.product-type.bundle.unit-test";
		};
		61D99EDD22CE26C1006DD76B /* CYLocalizationUITests */ = {
			isa = PBXNativeTarget;
			buildConfigurationList = 61D99EED22CE26C1006DD76B /* Build configuration list for PBXNativeTarget "CYLocalizationUITests" */;
			buildPhases = (
				61D99EDA22CE26C1006DD76B /* Sources */,
				61D99EDB22CE26C1006DD76B /* Frameworks */,
				61D99EDC22CE26C1006DD76B /* Resources */,
			);
			buildRules = (
			);
			dependencies = (
				61D99EE022CE26C1006DD76B /* PBXTargetDependency */,
			);
			name = CYLocalizationUITests;
			productName = CYLocalizationUITests;
			productReference = 61D99EDE22CE26C1006DD76B /* CYLocalizationUITests.xctest */;
			productType = "com.apple.product-type.bundle.ui-testing";
		};
/* End PBXNativeTarget section */

/* Begin PBXProject section */
		61D99EB322CE26C0006DD76B /* Project object */ = {
			isa = PBXProject;
			attributes = {
				LastUpgradeCheck = 1020;
				ORGANIZATIONNAME = "百事&可乐";
				TargetAttributes = {
					61D99EBA22CE26C0006DD76B = {
						CreatedOnToolsVersion = 10.2.1;
					};
					61D99ED222CE26C1006DD76B = {
						CreatedOnToolsVersion = 10.2.1;
						TestTargetID = 61D99EBA22CE26C0006DD76B;
					};
					61D99EDD22CE26C1006DD76B = {
						CreatedOnToolsVersion = 10.2.1;
						TestTargetID = 61D99EBA22CE26C0006DD76B;
					};
				};
			};
			buildConfigurationList = 61D99EB622CE26C0006DD76B /* Build configuration list for PBXProject "CYLocalization" */;
			compatibilityVersion = "Xcode 9.3";
			developmentRegion = en;
			hasScannedForEncodings = 0;
			knownRegions = (
				en,
				Base,
				"zh-Hans",
				ja,
			);
			mainGroup = 61D99EB222CE26C0006DD76B;
			productRefGroup = 61D99EBC22CE26C0006DD76B /* Products */;
			projectDirPath = "";
			projectRoot = "";
			targets = (
				61D99EBA22CE26C0006DD76B /* CYLocalization */,
				61D99ED222CE26C1006DD76B /* CYLocalizationTests */,
				61D99EDD22CE26C1006DD76B /* CYLocalizationUITests */,
			);
		};
/* End PBXProject section */

/* Begin PBXResourcesBuildPhase section */
		61D99EB922CE26C0006DD76B /* Resources */ = {
			isa = PBXResourcesBuildPhase;
			buildActionMask = 2147483647;
			files = (
				61D99F0A22CE3164006DD76B /* 日本.png in Resources */,
				61D99F0122CE30EC006DD76B /* Localizable.strings in Resources */,
				61D99ECB22CE26C1006DD76B /* LaunchScreen.storyboard in Resources */,
				61D99EFA22CE27DC006DD76B /* InfoPlist.strings in Resources */,
				61D99EC822CE26C1006DD76B /* Assets.xcassets in Resources */,
				61D99EC622CE26C0006DD76B /* Main.storyboard in Resources */,
				61D99F0922CE3164006DD76B /* 中国.png in Resources */,
				61D99F0B22CE3164006DD76B /* 英国.png in Resources */,
			);
			runOnlyForDeploymentPostprocessing = 0;
		};
		61D99ED122CE26C1006DD76B /* Resources */ = {
			isa = PBXResourcesBuildPhase;
			buildActionMask = 2147483647;
			files = (
			);
			runOnlyForDeploymentPostprocessing = 0;
		};
		61D99EDC22CE26C1006DD76B /* Resources */ = {
			isa = PBXResourcesBuildPhase;
			buildActionMask = 2147483647;
			files = (
			);
			runOnlyForDeploymentPostprocessing = 0;
		};
/* End PBXResourcesBuildPhase section */

/* Begin PBXSourcesBuildPhase section */
		61D99EB722CE26C0006DD76B /* Sources */ = {
			isa = PBXSourcesBuildPhase;
			buildActionMask = 2147483647;
			files = (
				61D99EC322CE26C0006DD76B /* ViewController.m in Sources */,
				61D99ECE22CE26C1006DD76B /* main.m in Sources */,
				61D99EC022CE26C0006DD76B /* AppDelegate.m in Sources */,
			);
			runOnlyForDeploymentPostprocessing = 0;
		};
		61D99ECF22CE26C1006DD76B /* Sources */ = {
			isa = PBXSourcesBuildPhase;
			buildActionMask = 2147483647;
			files = (
				61D99ED822CE26C1006DD76B /* CYLocalizationTests.m in Sources */,
			);
			runOnlyForDeploymentPostprocessing = 0;
		};
		61D99EDA22CE26C1006DD76B /* Sources */ = {
			isa = PBXSourcesBuildPhase;
			buildActionMask = 2147483647;
			files = (
				61D99EE322CE26C1006DD76B /* CYLocalizationUITests.m in Sources */,
			);
			runOnlyForDeploymentPostprocessing = 0;
		};
/* End PBXSourcesBuildPhase section */

/* Begin PBXTargetDependency section */
		61D99ED522CE26C1006DD76B /* PBXTargetDependency */ = {
			isa = PBXTargetDependency;
			target = 61D99EBA22CE26C0006DD76B /* CYLocalization */;
			targetProxy = 61D99ED422CE26C1006DD76B /* PBXContainerItemProxy */;
		};
		61D99EE022CE26C1006DD76B /* PBXTargetDependency */ = {
			isa = PBXTargetDependency;
			target = 61D99EBA22CE26C0006DD76B /* CYLocalization */;
			targetProxy = 61D99EDF22CE26C1006DD76B /* PBXContainerItemProxy */;
		};
/* End PBXTargetDependency section */

/* Begin PBXVariantGroup section */
		61D99EC422CE26C0006DD76B /* Main.storyboard */ = {
			isa = PBXVariantGroup;
			children = (
				61D99EC522CE26C0006DD76B /* Base */,
				61D99EF422CE2750006DD76B /* zh-Hans */,
				61D99EF622CE2757006DD76B /* ja */,
			);
			name = Main.storyboard;
			sourceTree = "<group>";
		};
		61D99EC922CE26C1006DD76B /* LaunchScreen.storyboard */ = {
			isa = PBXVariantGroup;
			children = (
				61D99ECA22CE26C1006DD76B /* Base */,
				61D99EF522CE2750006DD76B /* zh-Hans */,
				61D99EF722CE2757006DD76B /* ja */,
			);
			name = LaunchScreen.storyboard;
			sourceTree = "<group>";
		};
		61D99EFC22CE27DC006DD76B /* InfoPlist.strings */ = {
			isa = PBXVariantGroup;
			children = (
				61D99EFB22CE27DC006DD76B /* zh-Hans */,
				61D99EFD22CE27ED006DD76B /* en */,
				61D99EFE22CE27F0006DD76B /* ja */,
			);
			name = InfoPlist.strings;
			sourceTree = "<group>";
		};
		61D99F0322CE30EC006DD76B /* Localizable.strings */ = {
			isa = PBXVariantGroup;
			children = (
				61D99F0222CE30EC006DD76B /* en */,
				61D99F0422CE30EF006DD76B /* zh-Hans */,
				61D99F0522CE30F2006DD76B /* ja */,
			);
			name = Localizable.strings;
			sourceTree = "<group>";
		};
/* End PBXVariantGroup section */

/* Begin XCBuildConfiguration section */
		61D99EE522CE26C1006DD76B /* Debug */ = {
			isa = XCBuildConfiguration;
			buildSettings = {
				ALWAYS_SEARCH_USER_PATHS = NO;
				CLANG_ANALYZER_LOCALIZABILITY_NONLOCALIZED = YES;
				CLANG_ANALYZER_NONNULL = YES;
				CLANG_ANALYZER_NUMBER_OBJECT_CONVERSION = YES_AGGRESSIVE;
				CLANG_CXX_LANGUAGE_STANDARD = "gnu++14";
				CLANG_CXX_LIBRARY = "libc++";
				CLANG_ENABLE_MODULES = YES;
				CLANG_ENABLE_OBJC_ARC = YES;
				CLANG_ENABLE_OBJC_WEAK = YES;
				CLANG_WARN_BLOCK_CAPTURE_AUTORELEASING = YES;
				CLANG_WARN_BOOL_CONVERSION = YES;
				CLANG_WARN_COMMA = YES;
				CLANG_WARN_CONSTANT_CONVERSION = YES;
				CLANG_WARN_DEPRECATED_OBJC_IMPLEMENTATIONS = YES;
				CLANG_WARN_DIRECT_OBJC_ISA_USAGE = YES_ERROR;
				CLANG_WARN_DOCUMENTATION_COMMENTS = YES;
				CLANG_WARN_EMPTY_BODY = YES;
				CLANG_WARN_ENUM_CONVERSION = YES;
				CLANG_WARN_INFINITE_RECURSION = YES;
				CLANG_WARN_INT_CONVERSION = YES;
				CLANG_WARN_NON_LITERAL_NULL_CONVERSION = YES;
				CLANG_WARN_OBJC_IMPLICIT_RETAIN_SELF = YES;
				CLANG_WARN_OBJC_LITERAL_CONVERSION = YES;
				CLANG_WARN_OBJC_ROOT_CLASS = YES_ERROR;
				CLANG_WARN_RANGE_LOOP_ANALYSIS = YES;
				CLANG_WARN_STRICT_PROTOTYPES = YES;
				CLANG_WARN_SUSPICIOUS_MOVE = YES;
				CLANG_WARN_UNGUARDED_AVAILABILITY = YES_AGGRESSIVE;
				CLANG_WARN_UNREACHABLE_CODE = YES;
				CLANG_WARN__DUPLICATE_METHOD_MATCH = YES;
				CODE_SIGN_IDENTITY = "iPhone Developer";
				COPY_PHASE_STRIP = NO;
				DEBUG_INFORMATION_FORMAT = dwarf;
				ENABLE_STRICT_OBJC_MSGSEND = YES;
				ENABLE_TESTABILITY = YES;
				GCC_C_LANGUAGE_STANDARD = gnu11;
				GCC_DYNAMIC_NO_PIC = NO;
				GCC_NO_COMMON_BLOCKS = YES;
				GCC_OPTIMIZATION_LEVEL = 0;
				GCC_PREPROCESSOR_DEFINITIONS = (
					"DEBUG=1",
					"$(inherited)",
				);
				GCC_WARN_64_TO_32_BIT_CONVERSION = YES;
				GCC_WARN_ABOUT_RETURN_TYPE = YES_ERROR;
				GCC_WARN_UNDECLARED_SELECTOR = YES;
				GCC_WARN_UNINITIALIZED_AUTOS = YES_AGGRESSIVE;
				GCC_WARN_UNUSED_FUNCTION = YES;
				GCC_WARN_UNUSED_VARIABLE = YES;
				IPHONEOS_DEPLOYMENT_TARGET = 12.2;
				MTL_ENABLE_DEBUG_INFO = INCLUDE_SOURCE;
				MTL_FAST_MATH = YES;
				ONLY_ACTIVE_ARCH = YES;
				SDKROOT = iphoneos;
			};
			name = Debug;
		};
		61D99EE622CE26C1006DD76B /* Release */ = {
			isa = XCBuildConfiguration;
			buildSettings = {
				ALWAYS_SEARCH_USER_PATHS = NO;
				CLANG_ANALYZER_LOCALIZABILITY_NONLOCALIZED = YES;
				CLANG_ANALYZER_NONNULL = YES;
				CLANG_ANALYZER_NUMBER_OBJECT_CONVERSION = YES_AGGRESSIVE;
				CLANG_CXX_LANGUAGE_STANDARD = "gnu++14";
				CLANG_CXX_LIBRARY = "libc++";
				CLANG_ENABLE_MODULES = YES;
				CLANG_ENABLE_OBJC_ARC = YES;
				CLANG_ENABLE_OBJC_WEAK = YES;
				CLANG_WARN_BLOCK_CAPTURE_AUTORELEASING = YES;
				CLANG_WARN_BOOL_CONVERSION = YES;
				CLANG_WARN_COMMA = YES;
				CLANG_WARN_CONSTANT_CONVERSION = YES;
				CLANG_WARN_DEPRECATED_OBJC_IMPLEMENTATIONS = YES;
				CLANG_WARN_DIRECT_OBJC_ISA_USAGE = YES_ERROR;
				CLANG_WARN_DOCUMENTATION_COMMENTS = YES;
				CLANG_WARN_EMPTY_BODY = YES;
				CLANG_WARN_ENUM_CONVERSION = YES;
				CLANG_WARN_INFINITE_RECURSION = YES;
				CLANG_WARN_INT_CONVERSION = YES;
				CLANG_WARN_NON_LITERAL_NULL_CONVERSION = YES;
				CLANG_WARN_OBJC_IMPLICIT_RETAIN_SELF = YES;
				CLANG_WARN_OBJC_LITERAL_CONVERSION = YES;
				CLANG_WARN_OBJC_ROOT_CLASS = YES_ERROR;
				CLANG_WARN_RANGE_LOOP_ANALYSIS = YES;
				CLANG_WARN_STRICT_PROTOTYPES = YES;
				CLANG_WARN_SUSPICIOUS_MOVE = YES;
				CLANG_WARN_UNGUARDED_AVAILABILITY = YES_AGGRESSIVE;
				CLANG_WARN_UNREACHABLE_CODE = YES;
				CLANG_WARN__DUPLICATE_METHOD_MATCH = YES;
				CODE_SIGN_IDENTITY = "iPhone Developer";
				COPY_PHASE_STRIP = NO;
				DEBUG_INFORMATION_FORMAT = "dwarf-with-dsym";
				ENABLE_NS_ASSERTIONS = NO;
				ENABLE_STRICT_OBJC_MSGSEND = YES;
				GCC_C_LANGUAGE_STANDARD = gnu11;
				GCC_NO_COMMON_BLOCKS = YES;
				GCC_WARN_64_TO_32_BIT_CONVERSION = YES;
				GCC_WARN_ABOUT_RETURN_TYPE = YES_ERROR;
				GCC_WARN_UNDECLARED_SELECTOR = YES;
				GCC_WARN_UNINITIALIZED_AUTOS = YES_AGGRESSIVE;
				GCC_WARN_UNUSED_FUNCTION = YES;
				GCC_WARN_UNUSED_VARIABLE = YES;
				IPHONEOS_DEPLOYMENT_TARGET = 12.2;
				MTL_ENABLE_DEBUG_INFO = NO;
				MTL_FAST_MATH = YES;
				SDKROOT = iphoneos;
				VALIDATE_PRODUCT = YES;
			};
			name = Release;
		};
		61D99EE822CE26C1006DD76B /* Debug */ = {
			isa = XCBuildConfiguration;
			buildSettings = {
				ASSETCATALOG_COMPILER_APPICON_NAME = AppIcon;
				CODE_SIGN_STYLE = Automatic;
				DEVELOPMENT_TEAM = CTS2762D55;
				INFOPLIST_FILE = CYLocalization/Info.plist;
				LD_RUNPATH_SEARCH_PATHS = (
					"$(inherited)",
					"@executable_path/Frameworks",
				);
				PRODUCT_BUNDLE_IDENTIFIER = "-11.CYLocalization";
				PRODUCT_NAME = "$(TARGET_NAME)";
				TARGETED_DEVICE_FAMILY = "1,2";
			};
			name = Debug;
		};
		61D99EE922CE26C1006DD76B /* Release */ = {
			isa = XCBuildConfiguration;
			buildSettings = {
				ASSETCATALOG_COMPILER_APPICON_NAME = AppIcon;
				CODE_SIGN_STYLE = Automatic;
				DEVELOPMENT_TEAM = CTS2762D55;
				INFOPLIST_FILE = CYLocalization/Info.plist;
				LD_RUNPATH_SEARCH_PATHS = (
					"$(inherited)",
					"@executable_path/Frameworks",
				);
				PRODUCT_BUNDLE_IDENTIFIER = "-11.CYLocalization";
				PRODUCT_NAME = "$(TARGET_NAME)";
				TARGETED_DEVICE_FAMILY = "1,2";
			};
			name = Release;
		};
		61D99EEB22CE26C1006DD76B /* Debug */ = {
			isa = XCBuildConfiguration;
			buildSettings = {
				BUNDLE_LOADER = "$(TEST_HOST)";
				CODE_SIGN_STYLE = Automatic;
				DEVELOPMENT_TEAM = CTS2762D55;
				INFOPLIST_FILE = CYLocalizationTests/Info.plist;
				LD_RUNPATH_SEARCH_PATHS = (
					"$(inherited)",
					"@executable_path/Frameworks",
					"@loader_path/Frameworks",
				);
				PRODUCT_BUNDLE_IDENTIFIER = "-11.CYLocalizationTests";
				PRODUCT_NAME = "$(TARGET_NAME)";
				TARGETED_DEVICE_FAMILY = "1,2";
				TEST_HOST = "$(BUILT_PRODUCTS_DIR)/CYLocalization.app/CYLocalization";
			};
			name = Debug;
		};
		61D99EEC22CE26C1006DD76B /* Release */ = {
			isa = XCBuildConfiguration;
			buildSettings = {
				BUNDLE_LOADER = "$(TEST_HOST)";
				CODE_SIGN_STYLE = Automatic;
				DEVELOPMENT_TEAM = CTS2762D55;
				INFOPLIST_FILE = CYLocalizationTests/Info.plist;
				LD_RUNPATH_SEARCH_PATHS = (
					"$(inherited)",
					"@executable_path/Frameworks",
					"@loader_path/Frameworks",
				);
				PRODUCT_BUNDLE_IDENTIFIER = "-11.CYLocalizationTests";
				PRODUCT_NAME = "$(TARGET_NAME)";
				TARGETED_DEVICE_FAMILY = "1,2";
				TEST_HOST = "$(BUILT_PRODUCTS_DIR)/CYLocalization.app/CYLocalization";
			};
			name = Release;
		};
		61D99EEE22CE26C1006DD76B /* Debug */ = {
			isa = XCBuildConfiguration;
			buildSettings = {
				CODE_SIGN_STYLE = Automatic;
				DEVELOPMENT_TEAM = CTS2762D55;
				INFOPLIST_FILE = CYLocalizationUITests/Info.plist;
				LD_RUNPATH_SEARCH_PATHS = (
					"$(inherited)",
					"@executable_path/Frameworks",
					"@loader_path/Frameworks",
				);
				PRODUCT_BUNDLE_IDENTIFIER = "-11.CYLocalizationUITests";
				PRODUCT_NAME = "$(TARGET_NAME)";
				TARGETED_DEVICE_FAMILY = "1,2";
				TEST_TARGET_NAME = CYLocalization;
			};
			name = Debug;
		};
		61D99EEF22CE26C1006DD76B /* Release */ = {
			isa = XCBuildConfiguration;
			buildSettings = {
				CODE_SIGN_STYLE = Automatic;
				DEVELOPMENT_TEAM = CTS2762D55;
				INFOPLIST_FILE = CYLocalizationUITests/Info.plist;
				LD_RUNPATH_SEARCH_PATHS = (
					"$(inherited)",
					"@executable_path/Frameworks",
					"@loader_path/Frameworks",
				);
				PRODUCT_BUNDLE_IDENTIFIER = "-11.CYLocalizationUITests";
				PRODUCT_NAME = "$(TARGET_NAME)";
				TARGETED_DEVICE_FAMILY = "1,2";
				TEST_TARGET_NAME = CYLocalization;
			};
			name = Release;
		};
/* End XCBuildConfiguration section */

/* Begin XCConfigurationList section */
		61D99EB622CE26C0006DD76B /* Build configuration list for PBXProject "CYLocalization" */ = {
			isa = XCConfigurationList;
			buildConfigurations = (
				61D99EE522CE26C1006DD76B /* Debug */,
				61D99EE622CE26C1006DD76B /* Release */,
			);
			defaultConfigurationIsVisible = 0;
			defaultConfigurationName = Release;
		};
		61D99EE722CE26C1006DD76B /* Build configuration list for PBXNativeTarget "CYLocalization" */ = {
			isa = XCConfigurationList;
			buildConfigurations = (
				61D99EE822CE26C1006DD76B /* Debug */,
				61D99EE922CE26C1006DD76B /* Release */,
			);
			defaultConfigurationIsVisible = 0;
			defaultConfigurationName = Release;
		};
		61D99EEA22CE26C1006DD76B /* Build configuration list for PBXNativeTarget "CYLocalizationTests" */ = {
			isa = XCConfigurationList;
			buildConfigurations = (
				61D99EEB22CE26C1006DD76B /* Debug */,
				61D99EEC22CE26C1006DD76B /* Release */,
			);
			defaultConfigurationIsVisible = 0;
			defaultConfigurationName = Release;
		};
		61D99EED22CE26C1006DD76B /* Build configuration list for PBXNativeTarget "CYLocalizationUITests" */ = {
			isa = XCConfigurationList;
			buildConfigurations = (
				61D99EEE22CE26C1006DD76B /* Debug */,
				61D99EEF22CE26C1006DD76B /* Release */,
			);
			defaultConfigurationIsVisible = 0;
			defaultConfigurationName = Release;
		};
/* End XCConfigurationList section */
	};
	rootObject = 61D99EB322CE26C0006DD76B /* Project object */;
}
